
Microsoft Visual Studio Solution File, Format Version 12.00
# Visual Studio Version 16
VisualStudioVersion = 16.0.29411.108
MinimumVisualStudioVersion = 10.0.40219.1
Project("{888888A0-9F3D-457C-B088-3A5042F75D52}") = "service", "service.pyproj", "{47D76F82-6EC5-4949-885F-93F32E2BB789}"
EndProject
Global
	GlobalSection(SolutionConfigurationPlatforms) = preSolution
		Debug|Any CPU = Debug|Any CPU
		Release|Any CPU = Release|Any CPU
	EndGlobalSection
	GlobalSection(ProjectConfigurationPlatforms) = postSolution
		{47D76F82-6EC5-4949-885F-93F32E2BB789}.Debug|Any CPU.ActiveCfg = Debug|Any CPU
		{47D76F82-6EC5-4949-885F-93F32E2BB789}.Debug|Any CPU.Build.0 = Debug|Any CPU
		{47D76F82-6EC5-4949-885F-93F32E2BB789}.Release|Any CPU.ActiveCfg = Release|Any CPU
		{47D76F82-6EC5-4949-885F-93F32E2BB789}.Release|Any CPU.Build.0 = Release|Any CPU
	EndGlobalSection
	GlobalSection(SolutionProperties) = preSolution
		HideSolutionNode = FALSE
	EndGlobalSection
	GlobalSection(ExtensibilityGlobals) = postSolution
		SolutionGuid = {172A1C9C-956B-4A97-889C-E543BB7337D9}
	EndGlobalSection
EndGlobal
